
Microsoft Visual Studio Solution File, Format Version 12.00
# Visual Studio 15
VisualStudioVersion = 15.0.27703.2042
MinimumVisualStudioVersion = 10.0.40219.1
Project("{FAE04EC0-301F-11D3-BF4B-00C04F79EFBC}") = "EnglishLearning", "EnglishLearning\EnglishLearning.csproj", "{032DA326-A276-43D4-869A-E06A63AFD341}"
EndProject
Global
	GlobalSection(SolutionConfigurationPlatforms) = preSolution
		Debug|Any CPU = Debug|Any CPU
		Release|Any CPU = Release|Any CPU
	EndGlobalSection
	GlobalSection(ProjectConfigurationPlatforms) = postSolution
		{032DA326-A276-43D4-869A-E06A63AFD341}.Debug|Any CPU.ActiveCfg = Debug|Any CPU
		{032DA326-A276-43D4-869A-E06A63AFD341}.Debug|Any CPU.Build.0 = Debug|Any CPU
		{032DA326-A276-43D4-869A-E06A63AFD341}.Release|Any CPU.ActiveCfg = Release|Any CPU
		{032DA326-A276-43D4-869A-E06A63AFD341}.Release|Any CPU.Build.0 = Release|Any CPU
	EndGlobalSection
	GlobalSection(SolutionProperties) = preSolution
		HideSolutionNode = FALSE
	EndGlobalSection
	GlobalSection(ExtensibilityGlobals) = postSolution
		SolutionGuid = {8E296E8E-166F-45B8-A6FD-96AF83E52636}
	EndGlobalSection
EndGlobal
